
Microsoft Visual Studio Solution File, Format Version 12.00
# Visual Studio 15
VisualStudioVersion = 15.0.28307.271
MinimumVisualStudioVersion = 10.0.40219.1
Project("{FAE04EC0-301F-11D3-BF4B-00C04F79EFBC}") = "Lab 7", "Lab 7\Lab 7.csproj", "{C7368A7A-15ED-4EB1-B01E-91F83E343A4B}"
EndProject
Global
	GlobalSection(SolutionConfigurationPlatforms) = preSolution
		Debug|Any CPU = Debug|Any CPU
		Release|Any CPU = Release|Any CPU
	EndGlobalSection
	GlobalSection(ProjectConfigurationPlatforms) = postSolution
		{C7368A7A-15ED-4EB1-B01E-91F83E343A4B}.Debug|Any CPU.ActiveCfg = Debug|Any CPU
		{C7368A7A-15ED-4EB1-B01E-91F83E343A4B}.Debug|Any CPU.Build.0 = Debug|Any CPU
		{C7368A7A-15ED-4EB1-B01E-91F83E343A4B}.Release|Any CPU.ActiveCfg = Release|Any CPU
		{C7368A7A-15ED-4EB1-B01E-91F83E343A4B}.Release|Any CPU.Build.0 = Release|Any CPU
	EndGlobalSection
	GlobalSection(SolutionProperties) = preSolution
		HideSolutionNode = FALSE
	EndGlobalSection
	GlobalSection(ExtensibilityGlobals) = postSolution
		SolutionGuid = {D8F43A2C-9853-4E7D-836E-F471F3EAEEDC}
	EndGlobalSection
EndGlobal
